# This file is automatically @generated by Cargo.
# It is not intended for manual editing.
version = 3

[[package]]
name = "aho-corasick"
version = "0.7.20"
source = "registry+https://github.com/rust-lang/crates.io-index"
checksum = "cc936419f96fa211c1b9166887b38e5e40b19958e5b895be7c1f93adec7071ac"
dependencies = [
 "memchr",
]

[[package]]
name = "anyhow"
version = "1.0.68"
source = "registry+https://github.com/rust-lang/crates.io-index"
checksum = "2cb2f989d18dd141ab8ae82f64d1a8cdd37e0840f73a406896cf5e99502fab61"

[[package]]
name = "autocfg"
version = "1.1.0"
source = "registry+https://github.com/rust-lang/crates.io-index"
checksum = "d468802bab17cbc0cc575e9b053f41e72aa36bfa6b7f55e3529ffa43161b97fa"

[[package]]
name = "bitflags"
version = "1.3.2"
source = "registry+https://github.com/rust-lang/crates.io-index"
checksum = "bef38d45163c2f1dde094a7dfd33ccf595c92905c8f8f4fdc18d06fb1037718a"

[[package]]
name = "bytes"
version = "1.3.0"
source = "registry+https://github.com/rust-lang/crates.io-index"
checksum = "dfb24e866b15a1af2a1b663f10c6b6b8f397a84aadb828f12e5b289ec23a3a3c"

[[package]]
name = "cc"
version = "1.0.78"
source = "registry+https://github.com/rust-lang/crates.io-index"
checksum = "a20104e2335ce8a659d6dd92a51a767a0c062599c73b343fd152cb401e828c3d"

[[package]]
name = "cfg-expr"
version = "0.11.0"
source = "registry+https://github.com/rust-lang/crates.io-index"
checksum = "b0357a6402b295ca3a86bc148e84df46c02e41f41fef186bda662557ef6328aa"
dependencies = [
 "smallvec",
]

[[package]]
name = "cfg-if"
version = "1.0.0"
source = "registry+https://github.com/rust-lang/crates.io-index"
checksum = "baf1de4339761588bc0619e3cbc0120ee582ebb74b53b4efbf79117bd2da40fd"

[[package]]
name = "codespan-reporting"
version = "0.11.1"
source = "registry+https://github.com/rust-lang/crates.io-index"
checksum = "3538270d33cc669650c4b093848450d380def10c331d38c768e34cac80576e6e"
dependencies = [
 "termcolor",
 "unicode-width",
]

[[package]]
name = "convert_case"
version = "0.6.0"
source = "registry+https://github.com/rust-lang/crates.io-index"
checksum = "ec182b0ca2f35d8fc196cf3404988fd8b8c739a4d270ff118a398feb0cbec1ca"
dependencies = [
 "unicode-segmentation",
]

[[package]]
name = "core-foundation"
version = "0.9.3"
source = "registry+https://github.com/rust-lang/crates.io-index"
checksum = "194a7a9e6de53fa55116934067c844d9d749312f75c6f6d0980e8c252f8c2146"
dependencies = [
 "core-foundation-sys",
 "libc",
]

[[package]]
name = "core-foundation-sys"
version = "0.8.3"
source = "registry+https://github.com/rust-lang/crates.io-index"
checksum = "5827cebf4670468b8772dd191856768aedcb1b0278a04f989f7766351917b9dc"

[[package]]
name = "ctor"
version = "0.1.26"
source = "registry+https://github.com/rust-lang/crates.io-index"
checksum = "6d2301688392eb071b0bf1a37be05c469d3cc4dbbd95df672fe28ab021e6a096"
dependencies = [
 "quote",
 "syn",
]

[[package]]
name = "cxx"
version = "1.0.85"
source = "registry+https://github.com/rust-lang/crates.io-index"
checksum = "5add3fc1717409d029b20c5b6903fc0c0b02fa6741d820054f4a2efa5e5816fd"
dependencies = [
 "cc",
 "cxxbridge-flags",
 "cxxbridge-macro",
 "link-cplusplus",
]

[[package]]
name = "cxx-build"
version = "1.0.85"
source = "registry+https://github.com/rust-lang/crates.io-index"
checksum = "b4c87959ba14bc6fbc61df77c3fcfe180fc32b93538c4f1031dd802ccb5f2ff0"
dependencies = [
 "cc",
 "codespan-reporting",
 "once_cell",
 "proc-macro2",
 "quote",
 "scratch",
 "syn",
]

[[package]]
name = "cxxbridge-flags"
version = "1.0.85"
source = "registry+https://github.com/rust-lang/crates.io-index"
checksum = "69a3e162fde4e594ed2b07d0f83c6c67b745e7f28ce58c6df5e6b6bef99dfb59"

[[package]]
name = "cxxbridge-macro"
version = "1.0.85"
source = "registry+https://github.com/rust-lang/crates.io-index"
checksum = "3e7e2adeb6a0d4a282e581096b06e1791532b7d576dcde5ccd9382acf55db8e6"
dependencies = [
 "proc-macro2",
 "quote",
 "syn",
]

[[package]]
name = "desktop_core"
version = "0.0.0"
dependencies = [
 "anyhow",
 "core-foundation",
 "dirs",
 "futures",
 "gio",
 "keytar",
 "libsecret",
 "once_cell",
 "parity-tokio-ipc",
 "scopeguard",
 "security-framework",
 "security-framework-sys",
 "tokio",
 "widestring",
 "windows",
]

[[package]]
name = "desktop_napi"
version = "0.0.0"
dependencies = [
 "desktop_core",
 "napi",
 "napi-build",
 "napi-derive",
 "tokio",
]

[[package]]
name = "desktop_proxy"
version = "0.0.0"
dependencies = [
 "anyhow",
 "desktop_core",
 "env_logger",
 "log",
 "parity-tokio-ipc",
 "tokio",
]

[[package]]
name = "dirs"
version = "4.0.0"
source = "registry+https://github.com/rust-lang/crates.io-index"
checksum = "ca3aa72a6f96ea37bbc5aa912f6788242832f75369bdfdadcb0e38423f100059"
dependencies = [
 "dirs-sys",
]

[[package]]
name = "dirs-sys"
version = "0.3.7"
source = "registry+https://github.com/rust-lang/crates.io-index"
checksum = "1b1d1d91c932ef41c0f2663aa8b0ca0342d444d842c06914aa0a7e352d0bada6"
dependencies = [
 "libc",
 "redox_users",
 "winapi",
]

[[package]]
name = "env_logger"
version = "0.10.0"
source = "registry+https://github.com/rust-lang/crates.io-index"
checksum = "85cdab6a89accf66733ad5a1693a4dcced6aeff64602b634530dd73c1f3ee9f0"
dependencies = [
 "humantime",
 "is-terminal",
 "log",
 "regex",
 "termcolor",
]

[[package]]
name = "errno"
version = "0.2.8"
source = "registry+https://github.com/rust-lang/crates.io-index"
checksum = "f639046355ee4f37944e44f60642c6f3a7efa3cf6b78c78a0d989a8ce6c396a1"
dependencies = [
 "errno-dragonfly",
 "libc",
 "winapi",
]

[[package]]
name = "errno-dragonfly"
version = "0.1.2"
source = "registry+https://github.com/rust-lang/crates.io-index"
checksum = "aa68f1b12764fab894d2755d2518754e71b4fd80ecfb822714a1206c2aab39bf"
dependencies = [
 "cc",
 "libc",
]

[[package]]
name = "futures"
version = "0.3.25"
source = "registry+https://github.com/rust-lang/crates.io-index"
checksum = "38390104763dc37a5145a53c29c63c1290b5d316d6086ec32c293f6736051bb0"
dependencies = [
 "futures-channel",
 "futures-core",
 "futures-executor",
 "futures-io",
 "futures-sink",
 "futures-task",
 "futures-util",
]

[[package]]
name = "futures-channel"
version = "0.3.25"
source = "registry+https://github.com/rust-lang/crates.io-index"
checksum = "52ba265a92256105f45b719605a571ffe2d1f0fea3807304b522c1d778f79eed"
dependencies = [
 "futures-core",
 "futures-sink",
]

[[package]]
name = "futures-core"
version = "0.3.25"
source = "registry+https://github.com/rust-lang/crates.io-index"
checksum = "04909a7a7e4633ae6c4a9ab280aeb86da1236243a77b694a49eacd659a4bd3ac"

[[package]]
name = "futures-executor"
version = "0.3.25"
source = "registry+https://github.com/rust-lang/crates.io-index"
checksum = "7acc85df6714c176ab5edf386123fafe217be88c0840ec11f199441134a074e2"
dependencies = [
 "futures-core",
 "futures-task",
 "futures-util",
]

[[package]]
name = "futures-io"
version = "0.3.25"
source = "registry+https://github.com/rust-lang/crates.io-index"
checksum = "00f5fb52a06bdcadeb54e8d3671f8888a39697dcb0b81b23b55174030427f4eb"

[[package]]
name = "futures-macro"
version = "0.3.25"
source = "registry+https://github.com/rust-lang/crates.io-index"
checksum = "bdfb8ce053d86b91919aad980c220b1fb8401a9394410e1c289ed7e66b61835d"
dependencies = [
 "proc-macro2",
 "quote",
 "syn",
]

[[package]]
name = "futures-sink"
version = "0.3.25"
source = "registry+https://github.com/rust-lang/crates.io-index"
checksum = "39c15cf1a4aa79df40f1bb462fb39676d0ad9e366c2a33b590d7c66f4f81fcf9"

[[package]]
name = "futures-task"
version = "0.3.25"
source = "registry+https://github.com/rust-lang/crates.io-index"
checksum = "2ffb393ac5d9a6eaa9d3fdf37ae2776656b706e200c8e16b1bdb227f5198e6ea"

[[package]]
name = "futures-util"
version = "0.3.25"
source = "registry+https://github.com/rust-lang/crates.io-index"
checksum = "197676987abd2f9cadff84926f410af1c183608d36641465df73ae8211dc65d6"
dependencies = [
 "futures-channel",
 "futures-core",
 "futures-io",
 "futures-macro",
 "futures-sink",
 "futures-task",
 "memchr",
 "pin-project-lite",
 "pin-utils",
 "slab",
]

[[package]]
name = "getrandom"
version = "0.1.16"
source = "registry+https://github.com/rust-lang/crates.io-index"
checksum = "8fc3cb4d91f53b50155bdcfd23f6a4c39ae1969c2ae85982b135750cccaf5fce"
dependencies = [
 "cfg-if",
 "libc",
 "wasi 0.9.0+wasi-snapshot-preview1",
]

[[package]]
name = "getrandom"
version = "0.2.8"
source = "registry+https://github.com/rust-lang/crates.io-index"
checksum = "c05aeb6a22b8f62540c194aac980f2115af067bfe15a0734d7277a768d396b31"
dependencies = [
 "cfg-if",
 "libc",
 "wasi 0.11.0+wasi-snapshot-preview1",
]

[[package]]
name = "gio"
version = "0.16.7"
source = "registry+https://github.com/rust-lang/crates.io-index"
checksum = "2a1c84b4534a290a29160ef5c6eff2a9c95833111472e824fc5cb78b513dd092"
dependencies = [
 "bitflags",
 "futures-channel",
 "futures-core",
 "futures-io",
 "futures-util",
 "gio-sys",
 "glib",
 "libc",
 "once_cell",
 "pin-project-lite",
 "smallvec",
 "thiserror",
]

[[package]]
name = "gio-sys"
version = "0.16.3"
source = "registry+https://github.com/rust-lang/crates.io-index"
checksum = "e9b693b8e39d042a95547fc258a7b07349b1f0b48f4b2fa3108ba3c51c0b5229"
dependencies = [
 "glib-sys",
 "gobject-sys",
 "libc",
 "system-deps",
 "winapi",
]

[[package]]
name = "glib"
version = "0.16.7"
source = "registry+https://github.com/rust-lang/crates.io-index"
checksum = "ddd4df61a866ed7259d6189b8bcb1464989a77f1d85d25d002279bbe9dd38b2f"
dependencies = [
 "bitflags",
 "futures-channel",
 "futures-core",
 "futures-executor",
 "futures-task",
 "futures-util",
 "gio-sys",
 "glib-macros",
 "glib-sys",
 "gobject-sys",
 "libc",
 "once_cell",
 "smallvec",
 "thiserror",
]

[[package]]
name = "glib-macros"
version = "0.16.3"
source = "registry+https://github.com/rust-lang/crates.io-index"
checksum = "e084807350b01348b6d9dbabb724d1a0bb987f47a2c85de200e98e12e30733bf"
dependencies = [
 "anyhow",
 "heck",
 "proc-macro-crate",
 "proc-macro-error",
 "proc-macro2",
 "quote",
 "syn",
]

[[package]]
name = "glib-sys"
version = "0.16.3"
source = "registry+https://github.com/rust-lang/crates.io-index"
checksum = "c61a4f46316d06bfa33a7ac22df6f0524c8be58e3db2d9ca99ccb1f357b62a65"
dependencies = [
 "libc",
 "system-deps",
]

[[package]]
name = "gobject-sys"
version = "0.16.3"
source = "registry+https://github.com/rust-lang/crates.io-index"
checksum = "3520bb9c07ae2a12c7f2fbb24d4efc11231c8146a86956413fb1a79bb760a0f1"
dependencies = [
 "glib-sys",
 "libc",
 "system-deps",
]

[[package]]
name = "heck"
version = "0.4.0"
source = "registry+https://github.com/rust-lang/crates.io-index"
checksum = "2540771e65fc8cb83cd6e8a237f70c319bd5c29f78ed1084ba5d50eeac86f7f9"

[[package]]
name = "hermit-abi"
version = "0.2.6"
source = "registry+https://github.com/rust-lang/crates.io-index"
checksum = "ee512640fe35acbfb4bb779db6f0d80704c2cacfa2e39b601ef3e3f47d1ae4c7"
dependencies = [
 "libc",
]

[[package]]
name = "humantime"
version = "2.1.0"
source = "registry+https://github.com/rust-lang/crates.io-index"
checksum = "9a3a5bfb195931eeb336b2a7b4d761daec841b97f947d34394601737a7bba5e4"

[[package]]
name = "io-lifetimes"
version = "1.0.3"
source = "registry+https://github.com/rust-lang/crates.io-index"
checksum = "46112a93252b123d31a119a8d1a1ac19deac4fac6e0e8b0df58f0d4e5870e63c"
dependencies = [
 "libc",
 "windows-sys",
]

[[package]]
name = "is-terminal"
version = "0.4.2"
source = "registry+https://github.com/rust-lang/crates.io-index"
checksum = "28dfb6c8100ccc63462345b67d1bbc3679177c75ee4bf59bf29c8b1d110b8189"
dependencies = [
 "hermit-abi",
 "io-lifetimes",
 "rustix",
 "windows-sys",
]

[[package]]
name = "keytar"
version = "0.1.6"
source = "registry+https://github.com/rust-lang/crates.io-index"
checksum = "d361c55fba09829ac620b040f5425bf239b1030c3d6820a84acac8da867dca4d"
dependencies = [
 "keytar-sys",
]

[[package]]
name = "keytar-sys"
version = "0.1.6"
source = "registry+https://github.com/rust-lang/crates.io-index"
checksum = "fe908c6896705a1cb516cd6a5d956c63f08d95ace81b93253a98cd93e1e6a65a"
dependencies = [
 "cc",
 "cxx",
 "cxx-build",
 "pkg-config",
]

[[package]]
name = "libc"
version = "0.2.139"
source = "registry+https://github.com/rust-lang/crates.io-index"
checksum = "201de327520df007757c1f0adce6e827fe8562fbc28bfd9c15571c66ca1f5f79"

[[package]]
name = "libloading"
version = "0.7.4"
source = "registry+https://github.com/rust-lang/crates.io-index"
checksum = "b67380fd3b2fbe7527a606e18729d21c6f3951633d0500574c4dc22d2d638b9f"
dependencies = [
 "cfg-if",
 "winapi",
]

[[package]]
name = "libsecret"
version = "0.2.0"
source = "registry+https://github.com/rust-lang/crates.io-index"
checksum = "46bef6fce178d08380cc4969bff7ed64deb0393ec616b1ee996262d5461a3cf7"
dependencies = [
 "bitflags",
 "gio",
 "glib",
 "libc",
 "libsecret-sys",
 "once_cell",
]

[[package]]
name = "libsecret-sys"
version = "0.2.0"
source = "registry+https://github.com/rust-lang/crates.io-index"
checksum = "2173eda31b7d98e5d1aae0da168ff2ac539b84e8eb68ed9da0af3b96fce8a89a"
dependencies = [
 "gio-sys",
 "glib-sys",
 "gobject-sys",
 "libc",
 "pkg-config",
 "system-deps",
]

[[package]]
name = "link-cplusplus"
version = "1.0.8"
source = "registry+https://github.com/rust-lang/crates.io-index"
checksum = "ecd207c9c713c34f95a097a5b029ac2ce6010530c7b49d7fea24d977dede04f5"
dependencies = [
 "cc",
]

[[package]]
name = "linux-raw-sys"
version = "0.1.4"
source = "registry+https://github.com/rust-lang/crates.io-index"
checksum = "f051f77a7c8e6957c0696eac88f26b0117e54f52d3fc682ab19397a8812846a4"

[[package]]
name = "lock_api"
version = "0.4.9"
source = "registry+https://github.com/rust-lang/crates.io-index"
checksum = "435011366fe56583b16cf956f9df0095b405b82d76425bc8981c0e22e60ec4df"
dependencies = [
 "autocfg",
 "scopeguard",
]

[[package]]
name = "log"
version = "0.4.17"
source = "registry+https://github.com/rust-lang/crates.io-index"
checksum = "abb12e687cfb44aa40f41fc3978ef76448f9b6038cad6aef4259d3c095a2382e"
dependencies = [
 "cfg-if",
]

[[package]]
name = "memchr"
version = "2.5.0"
source = "registry+https://github.com/rust-lang/crates.io-index"
checksum = "2dffe52ecf27772e601905b7522cb4ef790d2cc203488bbd0e2fe85fcb74566d"

[[package]]
name = "mio"
version = "0.8.5"
source = "registry+https://github.com/rust-lang/crates.io-index"
checksum = "e5d732bc30207a6423068df043e3d02e0735b155ad7ce1a6f76fe2baa5b158de"
dependencies = [
 "libc",
 "log",
 "wasi 0.11.0+wasi-snapshot-preview1",
 "windows-sys",
]

[[package]]
name = "napi"
version = "2.10.4"
source = "registry+https://github.com/rust-lang/crates.io-index"
checksum = "838b5b414a008e75b97edb3c3e6f189034af789a0608686299b149d3b0e66c39"
dependencies = [
 "bitflags",
 "ctor",
 "napi-sys",
 "once_cell",
 "thread_local",
 "tokio",
]

[[package]]
name = "napi-build"
version = "2.0.1"
source = "registry+https://github.com/rust-lang/crates.io-index"
checksum = "882a73d9ef23e8dc2ebbffb6a6ae2ef467c0f18ac10711e4cc59c5485d41df0e"

[[package]]
name = "napi-derive"
version = "2.9.3"
source = "registry+https://github.com/rust-lang/crates.io-index"
checksum = "af4e44e34e70aa61be9036ae652e27c20db5bca80e006be0f482419f6601352a"
dependencies = [
 "convert_case",
 "napi-derive-backend",
 "proc-macro2",
 "quote",
 "syn",
]

[[package]]
name = "napi-derive-backend"
version = "1.0.40"
source = "registry+https://github.com/rust-lang/crates.io-index"
checksum = "17925fff04b6fa636f8e4b4608cc1a4f1360b64ac8ecbfdb7da1be1dc74f6843"
dependencies = [
 "convert_case",
 "once_cell",
 "proc-macro2",
 "quote",
 "regex",
 "syn",
]

[[package]]
name = "napi-sys"
version = "2.2.2"
source = "registry+https://github.com/rust-lang/crates.io-index"
checksum = "529671ebfae679f2ce9630b62dd53c72c56b3eb8b2c852e7e2fa91704ff93d67"
dependencies = [
 "libloading",
]

[[package]]
name = "num_cpus"
version = "1.15.0"
source = "registry+https://github.com/rust-lang/crates.io-index"
checksum = "0fac9e2da13b5eb447a6ce3d392f23a29d8694bff781bf03a16cd9ac8697593b"
dependencies = [
 "hermit-abi",
 "libc",
]

[[package]]
name = "once_cell"
version = "1.17.0"
source = "registry+https://github.com/rust-lang/crates.io-index"
checksum = "6f61fba1741ea2b3d6a1e3178721804bb716a68a6aeba1149b5d52e3d464ea66"

[[package]]
name = "parity-tokio-ipc"
version = "0.9.0"
source = "registry+https://github.com/rust-lang/crates.io-index"
checksum = "9981e32fb75e004cc148f5fb70342f393830e0a4aa62e3cc93b50976218d42b6"
dependencies = [
 "futures",
 "libc",
 "log",
 "rand",
 "tokio",
 "winapi",
]

[[package]]
name = "parking_lot"
version = "0.12.1"
source = "registry+https://github.com/rust-lang/crates.io-index"
checksum = "3742b2c103b9f06bc9fff0a37ff4912935851bee6d36f3c02bcc755bcfec228f"
dependencies = [
 "lock_api",
 "parking_lot_core",
]

[[package]]
name = "parking_lot_core"
version = "0.9.5"
source = "registry+https://github.com/rust-lang/crates.io-index"
checksum = "7ff9f3fef3968a3ec5945535ed654cb38ff72d7495a25619e2247fb15a2ed9ba"
dependencies = [
 "cfg-if",
 "libc",
 "redox_syscall",
 "smallvec",
 "windows-sys",
]

[[package]]
name = "pin-project-lite"
version = "0.2.9"
source = "registry+https://github.com/rust-lang/crates.io-index"
checksum = "e0a7ae3ac2f1173085d398531c705756c94a4c56843785df85a60c1a0afac116"

[[package]]
name = "pin-utils"
version = "0.1.0"
source = "registry+https://github.com/rust-lang/crates.io-index"
checksum = "8b870d8c151b6f2fb93e84a13146138f05d02ed11c7e7c54f8826aaaf7c9f184"

[[package]]
name = "pkg-config"
version = "0.3.26"
source = "registry+https://github.com/rust-lang/crates.io-index"
checksum = "6ac9a59f73473f1b8d852421e59e64809f025994837ef743615c6d0c5b305160"

[[package]]
name = "ppv-lite86"
version = "0.2.17"
source = "registry+https://github.com/rust-lang/crates.io-index"
checksum = "5b40af805b3121feab8a3c29f04d8ad262fa8e0561883e7653e024ae4479e6de"

[[package]]
name = "proc-macro-crate"
version = "1.2.1"
source = "registry+https://github.com/rust-lang/crates.io-index"
checksum = "eda0fc3b0fb7c975631757e14d9049da17374063edb6ebbcbc54d880d4fe94e9"
dependencies = [
 "once_cell",
 "thiserror",
 "toml",
]

[[package]]
name = "proc-macro-error"
version = "1.0.4"
source = "registry+https://github.com/rust-lang/crates.io-index"
checksum = "da25490ff9892aab3fcf7c36f08cfb902dd3e71ca0f9f9517bea02a73a5ce38c"
dependencies = [
 "proc-macro-error-attr",
 "proc-macro2",
 "quote",
 "syn",
 "version_check",
]

[[package]]
name = "proc-macro-error-attr"
version = "1.0.4"
source = "registry+https://github.com/rust-lang/crates.io-index"
checksum = "a1be40180e52ecc98ad80b184934baf3d0d29f979574e439af5a55274b35f869"
dependencies = [
 "proc-macro2",
 "quote",
 "version_check",
]

[[package]]
name = "proc-macro2"
version = "1.0.49"
source = "registry+https://github.com/rust-lang/crates.io-index"
checksum = "57a8eca9f9c4ffde41714334dee777596264c7825420f521abc92b5b5deb63a5"
dependencies = [
 "unicode-ident",
]

[[package]]
name = "quote"
version = "1.0.23"
source = "registry+https://github.com/rust-lang/crates.io-index"
checksum = "8856d8364d252a14d474036ea1358d63c9e6965c8e5c1885c18f73d70bff9c7b"
dependencies = [
 "proc-macro2",
]

[[package]]
name = "rand"
version = "0.7.3"
source = "registry+https://github.com/rust-lang/crates.io-index"
checksum = "6a6b1679d49b24bbfe0c803429aa1874472f50d9b363131f0e89fc356b544d03"
dependencies = [
 "getrandom 0.1.16",
 "libc",
 "rand_chacha",
 "rand_core",
 "rand_hc",
]

[[package]]
name = "rand_chacha"
version = "0.2.2"
source = "registry+https://github.com/rust-lang/crates.io-index"
checksum = "f4c8ed856279c9737206bf725bf36935d8666ead7aa69b52be55af369d193402"
dependencies = [
 "ppv-lite86",
 "rand_core",
]

[[package]]
name = "rand_core"
version = "0.5.1"
source = "registry+https://github.com/rust-lang/crates.io-index"
checksum = "90bde5296fc891b0cef12a6d03ddccc162ce7b2aff54160af9338f8d40df6d19"
dependencies = [
 "getrandom 0.1.16",
]

[[package]]
name = "rand_hc"
version = "0.2.0"
source = "registry+https://github.com/rust-lang/crates.io-index"
checksum = "ca3129af7b92a17112d59ad498c6f81eaf463253766b90396d39ea7a39d6613c"
dependencies = [
 "rand_core",
]

[[package]]
name = "redox_syscall"
version = "0.2.16"
source = "registry+https://github.com/rust-lang/crates.io-index"
checksum = "fb5a58c1855b4b6819d59012155603f0b22ad30cad752600aadfcb695265519a"
dependencies = [
 "bitflags",
]

[[package]]
name = "redox_users"
version = "0.4.3"
source = "registry+https://github.com/rust-lang/crates.io-index"
checksum = "b033d837a7cf162d7993aded9304e30a83213c648b6e389db233191f891e5c2b"
dependencies = [
 "getrandom 0.2.8",
 "redox_syscall",
 "thiserror",
]

[[package]]
name = "regex"
version = "1.7.0"
source = "registry+https://github.com/rust-lang/crates.io-index"
checksum = "e076559ef8e241f2ae3479e36f97bd5741c0330689e217ad51ce2c76808b868a"
dependencies = [
 "aho-corasick",
 "memchr",
 "regex-syntax",
]

[[package]]
name = "regex-syntax"
version = "0.6.28"
source = "registry+https://github.com/rust-lang/crates.io-index"
checksum = "456c603be3e8d448b072f410900c09faf164fbce2d480456f50eea6e25f9c848"

[[package]]
name = "rustix"
version = "0.36.6"
source = "registry+https://github.com/rust-lang/crates.io-index"
checksum = "4feacf7db682c6c329c4ede12649cd36ecab0f3be5b7d74e6a20304725db4549"
dependencies = [
 "bitflags",
 "errno",
 "io-lifetimes",
 "libc",
 "linux-raw-sys",
 "windows-sys",
]

[[package]]
name = "scopeguard"
version = "1.1.0"
source = "registry+https://github.com/rust-lang/crates.io-index"
checksum = "d29ab0c6d3fc0ee92fe66e2d99f700eab17a8d57d1c1d3b748380fb20baa78cd"

[[package]]
name = "scratch"
version = "1.0.3"
source = "registry+https://github.com/rust-lang/crates.io-index"
checksum = "ddccb15bcce173023b3fedd9436f882a0739b8dfb45e4f6b6002bee5929f61b2"

[[package]]
name = "security-framework"
version = "2.7.0"
source = "registry+https://github.com/rust-lang/crates.io-index"
checksum = "2bc1bb97804af6631813c55739f771071e0f2ed33ee20b68c86ec505d906356c"
dependencies = [
 "bitflags",
 "core-foundation",
 "core-foundation-sys",
 "libc",
 "security-framework-sys",
]

[[package]]
name = "security-framework-sys"
version = "2.6.1"
source = "registry+https://github.com/rust-lang/crates.io-index"
checksum = "0160a13a177a45bfb43ce71c01580998474f556ad854dcbca936dd2841a5c556"
dependencies = [
 "core-foundation-sys",
 "libc",
]

[[package]]
name = "serde"
version = "1.0.152"
source = "registry+https://github.com/rust-lang/crates.io-index"
checksum = "bb7d1f0d3021d347a83e556fc4683dea2ea09d87bccdf88ff5c12545d89d5efb"

[[package]]
name = "signal-hook-registry"
version = "1.4.0"
source = "registry+https://github.com/rust-lang/crates.io-index"
checksum = "e51e73328dc4ac0c7ccbda3a494dfa03df1de2f46018127f60c693f2648455b0"
dependencies = [
 "libc",
]

[[package]]
name = "slab"
version = "0.4.7"
source = "registry+https://github.com/rust-lang/crates.io-index"
checksum = "4614a76b2a8be0058caa9dbbaf66d988527d86d003c11a94fbd335d7661edcef"
dependencies = [
 "autocfg",
]

[[package]]
name = "smallvec"
version = "1.10.0"
source = "registry+https://github.com/rust-lang/crates.io-index"
checksum = "a507befe795404456341dfab10cef66ead4c041f62b8b11bbb92bffe5d0953e0"

[[package]]
name = "socket2"
version = "0.4.7"
source = "registry+https://github.com/rust-lang/crates.io-index"
checksum = "02e2d2db9033d13a1567121ddd7a095ee144db4e1ca1b1bda3419bc0da294ebd"
dependencies = [
 "libc",
 "winapi",
]

[[package]]
name = "syn"
version = "1.0.107"
source = "registry+https://github.com/rust-lang/crates.io-index"
checksum = "1f4064b5b16e03ae50984a5a8ed5d4f8803e6bc1fd170a3cda91a1be4b18e3f5"
dependencies = [
 "proc-macro2",
 "quote",
 "unicode-ident",
]

[[package]]
name = "system-deps"
version = "6.0.3"
source = "registry+https://github.com/rust-lang/crates.io-index"
checksum = "2955b1fe31e1fa2fbd1976b71cc69a606d7d4da16f6de3333d0c92d51419aeff"
dependencies = [
 "cfg-expr",
 "heck",
 "pkg-config",
 "toml",
 "version-compare",
]

[[package]]
name = "termcolor"
version = "1.1.3"
source = "registry+https://github.com/rust-lang/crates.io-index"
checksum = "bab24d30b911b2376f3a13cc2cd443142f0c81dda04c118693e35b3835757755"
dependencies = [
 "winapi-util",
]

[[package]]
name = "thiserror"
version = "1.0.38"
source = "registry+https://github.com/rust-lang/crates.io-index"
checksum = "6a9cd18aa97d5c45c6603caea1da6628790b37f7a34b6ca89522331c5180fed0"
dependencies = [
 "thiserror-impl",
]

[[package]]
name = "thiserror-impl"
version = "1.0.38"
source = "registry+https://github.com/rust-lang/crates.io-index"
checksum = "1fb327af4685e4d03fa8cbcf1716380da910eeb2bb8be417e7f9fd3fb164f36f"
dependencies = [
 "proc-macro2",
 "quote",
 "syn",
]

[[package]]
name = "thread_local"
version = "1.1.4"
source = "registry+https://github.com/rust-lang/crates.io-index"
checksum = "5516c27b78311c50bf42c071425c560ac799b11c30b31f87e3081965fe5e0180"
dependencies = [
 "once_cell",
]

[[package]]
name = "tokio"
version = "1.23.0"
source = "registry+https://github.com/rust-lang/crates.io-index"
checksum = "eab6d665857cc6ca78d6e80303a02cea7a7851e85dfbd77cbdc09bd129f1ef46"
dependencies = [
 "autocfg",
 "bytes",
 "libc",
 "memchr",
 "mio",
 "num_cpus",
 "parking_lot",
 "pin-project-lite",
 "signal-hook-registry",
 "socket2",
 "tokio-macros",
 "windows-sys",
]

[[package]]
name = "tokio-macros"
version = "1.8.2"
source = "registry+https://github.com/rust-lang/crates.io-index"
checksum = "d266c00fde287f55d3f1c3e96c500c362a2b8c695076ec180f27918820bc6df8"
dependencies = [
 "proc-macro2",
 "quote",
 "syn",
]

[[package]]
name = "toml"
version = "0.5.10"
source = "registry+https://github.com/rust-lang/crates.io-index"
checksum = "1333c76748e868a4d9d1017b5ab53171dfd095f70c712fdb4653a406547f598f"
dependencies = [
 "serde",
]

[[package]]
name = "unicode-ident"
version = "1.0.6"
source = "registry+https://github.com/rust-lang/crates.io-index"
checksum = "84a22b9f218b40614adcb3f4ff08b703773ad44fa9423e4e0d346d5db86e4ebc"

[[package]]
name = "unicode-segmentation"
version = "1.10.0"
source = "registry+https://github.com/rust-lang/crates.io-index"
checksum = "0fdbf052a0783de01e944a6ce7a8cb939e295b1e7be835a1112c3b9a7f047a5a"

[[package]]
name = "unicode-width"
version = "0.1.10"
source = "registry+https://github.com/rust-lang/crates.io-index"
checksum = "c0edd1e5b14653f783770bce4a4dabb4a5108a5370a5f5d8cfe8710c361f6c8b"

[[package]]
name = "version-compare"
version = "0.1.1"
source = "registry+https://github.com/rust-lang/crates.io-index"
checksum = "579a42fc0b8e0c63b76519a339be31bed574929511fa53c1a3acae26eb258f29"

[[package]]
name = "version_check"
version = "0.9.4"
source = "registry+https://github.com/rust-lang/crates.io-index"
checksum = "49874b5167b65d7193b8aba1567f5c7d93d001cafc34600cee003eda787e483f"

[[package]]
name = "wasi"
version = "0.9.0+wasi-snapshot-preview1"
source = "registry+https://github.com/rust-lang/crates.io-index"
checksum = "cccddf32554fecc6acb585f82a32a72e28b48f8c4c1883ddfeeeaa96f7d8e519"

[[package]]
name = "wasi"
version = "0.11.0+wasi-snapshot-preview1"
source = "registry+https://github.com/rust-lang/crates.io-index"
checksum = "9c8d87e72b64a3b4db28d11ce29237c246188f4f51057d65a7eab63b7987e423"

[[package]]
name = "widestring"
version = "1.0.2"
source = "registry+https://github.com/rust-lang/crates.io-index"
checksum = "653f141f39ec16bba3c5abe400a0c60da7468261cc2cbf36805022876bc721a8"

[[package]]
name = "winapi"
version = "0.3.9"
source = "registry+https://github.com/rust-lang/crates.io-index"
checksum = "5c839a674fcd7a98952e593242ea400abe93992746761e38641405d28b00f419"
dependencies = [
 "winapi-i686-pc-windows-gnu",
 "winapi-x86_64-pc-windows-gnu",
]

[[package]]
name = "winapi-i686-pc-windows-gnu"
version = "0.4.0"
source = "registry+https://github.com/rust-lang/crates.io-index"
checksum = "ac3b87c63620426dd9b991e5ce0329eff545bccbbb34f3be09ff6fb6ab51b7b6"

[[package]]
name = "winapi-util"
version = "0.1.5"
source = "registry+https://github.com/rust-lang/crates.io-index"
checksum = "70ec6ce85bb158151cae5e5c87f95a8e97d2c0c4b001223f33a334e3ce5de178"
dependencies = [
 "winapi",
]

[[package]]
name = "winapi-x86_64-pc-windows-gnu"
version = "0.4.0"
source = "registry+https://github.com/rust-lang/crates.io-index"
checksum = "712e227841d057c1ee1cd2fb22fa7e5a5461ae8e48fa2ca79ec42cfc1931183f"

[[package]]
name = "windows"
version = "0.43.0"
source = "registry+https://github.com/rust-lang/crates.io-index"
checksum = "04662ed0e3e5630dfa9b26e4cb823b817f1a9addda855d973a9458c236556244"
dependencies = [
 "windows_aarch64_gnullvm",
 "windows_aarch64_msvc",
 "windows_i686_gnu",
 "windows_i686_msvc",
 "windows_x86_64_gnu",
 "windows_x86_64_gnullvm",
 "windows_x86_64_msvc",
]

[[package]]
name = "windows-sys"
version = "0.42.0"
source = "registry+https://github.com/rust-lang/crates.io-index"
checksum = "5a3e1820f08b8513f676f7ab6c1f99ff312fb97b553d30ff4dd86f9f15728aa7"
dependencies = [
 "windows_aarch64_gnullvm",
 "windows_aarch64_msvc",
 "windows_i686_gnu",
 "windows_i686_msvc",
 "windows_x86_64_gnu",
 "windows_x86_64_gnullvm",
 "windows_x86_64_msvc",
]

[[package]]
name = "windows_aarch64_gnullvm"
version = "0.42.0"
source = "registry+https://github.com/rust-lang/crates.io-index"
checksum = "41d2aa71f6f0cbe00ae5167d90ef3cfe66527d6f613ca78ac8024c3ccab9a19e"

[[package]]
name = "windows_aarch64_msvc"
version = "0.42.0"
source = "registry+https://github.com/rust-lang/crates.io-index"
checksum = "dd0f252f5a35cac83d6311b2e795981f5ee6e67eb1f9a7f64eb4500fbc4dcdb4"

[[package]]
name = "windows_i686_gnu"
version = "0.42.0"
source = "registry+https://github.com/rust-lang/crates.io-index"
checksum = "fbeae19f6716841636c28d695375df17562ca208b2b7d0dc47635a50ae6c5de7"

[[package]]
name = "windows_i686_msvc"
version = "0.42.0"
source = "registry+https://github.com/rust-lang/crates.io-index"
checksum = "84c12f65daa39dd2babe6e442988fc329d6243fdce47d7d2d155b8d874862246"

[[package]]
name = "windows_x86_64_gnu"
version = "0.42.0"
source = "registry+https://github.com/rust-lang/crates.io-index"
checksum = "bf7b1b21b5362cbc318f686150e5bcea75ecedc74dd157d874d754a2ca44b0ed"

[[package]]
name = "windows_x86_64_gnullvm"
version = "0.42.0"
source = "registry+https://github.com/rust-lang/crates.io-index"
checksum = "09d525d2ba30eeb3297665bd434a54297e4170c7f1a44cad4ef58095b4cd2028"

[[package]]
name = "windows_x86_64_msvc"
version = "0.42.0"
source = "registry+https://github.com/rust-lang/crates.io-index"
checksum = "f40009d85759725a34da6d89a94e63d7bdc50a862acf0dbc7c8e488f1edcb6f5"
