{
  "name": "@bitwarden/desktop",
  "version": "2023.1.2",
  "lockfileVersion": 2,
  "requires": true,
  "packages": {
    "": {
      "name": "@bitwarden/desktop",
      "version": "2023.1.2",
      "license": "GPL-3.0",
      "dependencies": {
        "@bitwarden/desktop-napi": "file:../native/crates/napi"
      }
    },
    "../desktop_native": {
      "name": "@bitwarden/desktop-native",
      "version": "0.1.0",
      "extraneous": true,
      "license": "GPL-3.0",
      "devDependencies": {
        "@napi-rs/cli": "^2.6.2"
      }
    },
    "../native/crates/napi": {
      "version": "0.1.0",
      "license": "GPL-3.0",
      "devDependencies": {
        "@napi-rs/cli": "^2.13.3"
      }
    },
    "node_modules/@bitwarden/desktop-napi": {
      "resolved": "../native/crates/napi",
      "link": true
    }
  },
  "dependencies": {
    "@bitwarden/desktop-napi": {
      "version": "file:../native/crates/napi",
      "requires": {
        "@napi-rs/cli": "^2.13.3"
      }
    }
  }
}
